// !$*UTF8*$!
{
	archiveVersion = 1;
	classes = {
	};
	objectVersion = 50;
	objects = {

/* Begin PBXBuildFile section */
		C600C28822FD5DD800568372 /* TblHomeDataSource.swift in Sources */ = {isa = PBXBuildFile; fileRef = C600C28722FD5DD800568372 /* TblHomeDataSource.swift */; };
		C600C28A22FD607D00568372 /* HomeTableViewCell.swift in Sources */ = {isa = PBXBuildFile; fileRef = C600C28922FD607D00568372 /* HomeTableViewCell.swift */; };
		C600C28E22FEDE6500568372 /* ProductsCollectionViewCell.swift in Sources */ = {isa = PBXBuildFile; fileRef = C600C28D22FEDE6500568372 /* ProductsCollectionViewCell.swift */; };
		C600C29022FEE01600568372 /* CVProdcutHomeDataSource.swift in Sources */ = {isa = PBXBuildFile; fileRef = C600C28F22FEE01600568372 /* CVProdcutHomeDataSource.swift */; };
		C600C29222FEF99D00568372 /* YouMayAlsoLikeTableViewCell.swift in Sources */ = {isa = PBXBuildFile; fileRef = C600C29122FEF99D00568372 /* YouMayAlsoLikeTableViewCell.swift */; };
		C6DDF67622FC382A007CA272 /* AppDelegate.swift in Sources */ = {isa = PBXBuildFile; fileRef = C6DDF67522FC382A007CA272 /* AppDelegate.swift */; };
		C6DDF67D22FC3830007CA272 /* Assets.xcassets in Resources */ = {isa = PBXBuildFile; fileRef = C6DDF67C22FC3830007CA272 /* Assets.xcassets */; };
		C6DDF68022FC3830007CA272 /* LaunchScreen.storyboard in Resources */ = {isa = PBXBuildFile; fileRef = C6DDF67E22FC3830007CA272 /* LaunchScreen.storyboard */; };
		C6DDF68922FC4549007CA272 /* HomeViewController.swift in Sources */ = {isa = PBXBuildFile; fileRef = C6DDF68822FC4549007CA272 /* HomeViewController.swift */; };
		C6DDF68C22FC488C007CA272 /* MenuCollectionViewCell.swift in Sources */ = {isa = PBXBuildFile; fileRef = C6DDF68B22FC488C007CA272 /* MenuCollectionViewCell.swift */; };
		C6DDF68F22FC496B007CA272 /* CVMenuDataSource.swift in Sources */ = {isa = PBXBuildFile; fileRef = C6DDF68E22FC496B007CA272 /* CVMenuDataSource.swift */; };
		C6DDF69222FC4C1A007CA272 /* Font.swift in Sources */ = {isa = PBXBuildFile; fileRef = C6DDF69122FC4C1A007CA272 /* Font.swift */; };
		C8EC372DEC0AD5A3293123F1 /* Pods_ShirtShopping.framework in Frameworks */ = {isa = PBXBuildFile; fileRef = BFE6FB50E3F4D9F27C1ED162 /* Pods_ShirtShopping.framework */; };
/* End PBXBuildFile section */

/* Begin PBXFileReference section */
		A90EC0F15A592678ADD14280 /* Pods-ShirtShopping.release.xcconfig */ = {isa = PBXFileReference; includeInIndex = 1; lastKnownFileType = text.xcconfig; name = "Pods-ShirtShopping.release.xcconfig"; path = "Target Support Files/Pods-ShirtShopping/Pods-ShirtShopping.release.xcconfig"; sourceTree = "<group>"; };
		B1EFAAA3F110BA2D26FB4FE9 /* Pods-ShirtShopping.debug.xcconfig */ = {isa = PBXFileReference; includeInIndex = 1; lastKnownFileType = text.xcconfig; name = "Pods-ShirtShopping.debug.xcconfig"; path = "Target Support Files/Pods-ShirtShopping/Pods-ShirtShopping.debug.xcconfig"; sourceTree = "<group>"; };
		BFE6FB50E3F4D9F27C1ED162 /* Pods_ShirtShopping.framework */ = {isa = PBXFileReference; explicitFileType = wrapper.framework; includeInIndex = 0; path = Pods_ShirtShopping.framework; sourceTree = BUILT_PRODUCTS_DIR; };
		C600C28722FD5DD800568372 /* TblHomeDataSource.swift */ = {isa = PBXFileReference; lastKnownFileType = sourcecode.swift; path = TblHomeDataSource.swift; sourceTree = "<group>"; };
		C600C28922FD607D00568372 /* HomeTableViewCell.swift */ = {isa = PBXFileReference; lastKnownFileType = sourcecode.swift; path = HomeTableViewCell.swift; sourceTree = "<group>"; };
		C600C28D22FEDE6500568372 /* ProductsCollectionViewCell.swift */ = {isa = PBXFileReference; lastKnownFileType = sourcecode.swift; path = ProductsCollectionViewCell.swift; sourceTree = "<group>"; };
		C600C28F22FEE01600568372 /* CVProdcutHomeDataSource.swift */ = {isa = PBXFileReference; lastKnownFileType = sourcecode.swift; path = CVProdcutHomeDataSource.swift; sourceTree = "<group>"; };
		C600C29122FEF99D00568372 /* YouMayAlsoLikeTableViewCell.swift */ = {isa = PBXFileReference; lastKnownFileType = sourcecode.swift; path = YouMayAlsoLikeTableViewCell.swift; sourceTree = "<group>"; };
		C6DDF67222FC382A007CA272 /* ShirtShopping.app */ = {isa = PBXFileReference; explicitFileType = wrapper.application; includeInIndex = 0; path = ShirtShopping.app; sourceTree = BUILT_PRODUCTS_DIR; };
		C6DDF67522FC382A007CA272 /* AppDelegate.swift */ = {isa = PBXFileReference; lastKnownFileType = sourcecode.swift; path = AppDelegate.swift; sourceTree = "<group>"; };
		C6DDF67C22FC3830007CA272 /* Assets.xcassets */ = {isa = PBXFileReference; lastKnownFileType = folder.assetcatalog; path = Assets.xcassets; sourceTree = "<group>"; };
		C6DDF67F22FC3830007CA272 /* Base */ = {isa = PBXFileReference; lastKnownFileType = file.storyboard; name = Base; path = Base.lproj/LaunchScreen.storyboard; sourceTree = "<group>"; };
		C6DDF68122FC3830007CA272 /* Info.plist */ = {isa = PBXFileReference; lastKnownFileType = text.plist.xml; path = Info.plist; sourceTree = "<group>"; };
		C6DDF68822FC4549007CA272 /* HomeViewController.swift */ = {isa = PBXFileReference; lastKnownFileType = sourcecode.swift; path = HomeViewController.swift; sourceTree = "<group>"; };
		C6DDF68B22FC488C007CA272 /* MenuCollectionViewCell.swift */ = {isa = PBXFileReference; lastKnownFileType = sourcecode.swift; path = MenuCollectionViewCell.swift; sourceTree = "<group>"; };
		C6DDF68E22FC496B007CA272 /* CVMenuDataSource.swift */ = {isa = PBXFileReference; lastKnownFileType = sourcecode.swift; path = CVMenuDataSource.swift; sourceTree = "<group>"; };
		C6DDF69122FC4C1A007CA272 /* Font.swift */ = {isa = PBXFileReference; lastKnownFileType = sourcecode.swift; path = Font.swift; sourceTree = "<group>"; };
/* End PBXFileReference section */

/* Begin PBXFrameworksBuildPhase section */
		C6DDF66F22FC382A007CA272 /* Frameworks */ = {
			isa = PBXFrameworksBuildPhase;
			buildActionMask = 2147483647;
			files = (
				C8EC372DEC0AD5A3293123F1 /* Pods_ShirtShopping.framework in Frameworks */,
			);
			runOnlyForDeploymentPostprocessing = 0;
		};
/* End PBXFrameworksBuildPhase section */

/* Begin PBXGroup section */
		C6DDF66922FC382A007CA272 = {
			isa = PBXGroup;
			children = (
				C6DDF67422FC382A007CA272 /* ShirtShopping */,
				C6DDF67322FC382A007CA272 /* Products */,
				D4F7BA2BBD0085DDE2B7DFF2 /* Pods */,
				F1EBE3B9A4E3A237951E174A /* Frameworks */,
			);
			sourceTree = "<group>";
		};
		C6DDF67322FC382A007CA272 /* Products */ = {
			isa = PBXGroup;
			children = (
				C6DDF67222FC382A007CA272 /* ShirtShopping.app */,
			);
			name = Products;
			sourceTree = "<group>";
		};
		C6DDF67422FC382A007CA272 /* ShirtShopping */ = {
			isa = PBXGroup;
			children = (
				C6DDF69022FC4C07007CA272 /* Uitlity */,
				C6DDF68722FC450C007CA272 /* View */,
				C6DDF67522FC382A007CA272 /* AppDelegate.swift */,
				C6DDF67C22FC3830007CA272 /* Assets.xcassets */,
				C6DDF67E22FC3830007CA272 /* LaunchScreen.storyboard */,
				C6DDF68122FC3830007CA272 /* Info.plist */,
			);
			path = ShirtShopping;
			sourceTree = "<group>";
		};
		C6DDF68722FC450C007CA272 /* View */ = {
			isa = PBXGroup;
			children = (
				C6DDF69322FC4C5E007CA272 /* Home */,
			);
			path = View;
			sourceTree = "<group>";
		};
		C6DDF68A22FC485F007CA272 /* HomeViewControllerCells */ = {
			isa = PBXGroup;
			children = (
				C6DDF68B22FC488C007CA272 /* MenuCollectionViewCell.swift */,
				C600C28922FD607D00568372 /* HomeTableViewCell.swift */,
				C600C28D22FEDE6500568372 /* ProductsCollectionViewCell.swift */,
				C600C29122FEF99D00568372 /* YouMayAlsoLikeTableViewCell.swift */,
			);
			path = HomeViewControllerCells;
			sourceTree = "<group>";
		};
		C6DDF68D22FC4960007CA272 /* DataSource */ = {
			isa = PBXGroup;
			children = (
				C6DDF68E22FC496B007CA272 /* CVMenuDataSource.swift */,
				C600C28722FD5DD800568372 /* TblHomeDataSource.swift */,
				C600C28F22FEE01600568372 /* CVProdcutHomeDataSource.swift */,
			);
			path = DataSource;
			sourceTree = "<group>";
		};
		C6DDF69022FC4C07007CA272 /* Uitlity */ = {
			isa = PBXGroup;
			children = (
				C6DDF69122FC4C1A007CA272 /* Font.swift */,
			);
			path = Uitlity;
			sourceTree = "<group>";
		};
		C6DDF69322FC4C5E007CA272 /* Home */ = {
			isa = PBXGroup;
			children = (
				C6DDF68D22FC4960007CA272 /* DataSource */,
				C6DDF68A22FC485F007CA272 /* HomeViewControllerCells */,
				C6DDF68822FC4549007CA272 /* HomeViewController.swift */,
			);
			path = Home;
			sourceTree = "<group>";
		};
		D4F7BA2BBD0085DDE2B7DFF2 /* Pods */ = {
			isa = PBXGroup;
			children = (
				B1EFAAA3F110BA2D26FB4FE9 /* Pods-ShirtShopping.debug.xcconfig */,
				A90EC0F15A592678ADD14280 /* Pods-ShirtShopping.release.xcconfig */,
			);
			path = Pods;
			sourceTree = "<group>";
		};
		F1EBE3B9A4E3A237951E174A /* Frameworks */ = {
			isa = PBXGroup;
			children = (
				BFE6FB50E3F4D9F27C1ED162 /* Pods_ShirtShopping.framework */,
			);
			name = Frameworks;
			sourceTree = "<group>";
		};
/* End PBXGroup section */

/* Begin PBXNativeTarget section */
		C6DDF67122FC382A007CA272 /* ShirtShopping */ = {
			isa = PBXNativeTarget;
			buildConfigurationList = C6DDF68422FC3830007CA272 /* Build configuration list for PBXNativeTarget "ShirtShopping" */;
			buildPhases = (
				E6208D7ACF632CDB67F8DF04 /* [CP] Check Pods Manifest.lock */,
				C6DDF66E22FC382A007CA272 /* Sources */,
				C6DDF66F22FC382A007CA272 /* Frameworks */,
				C6DDF67022FC382A007CA272 /* Resources */,
				D42085636A5546C0CDD37821 /* [CP] Embed Pods Frameworks */,
			);
			buildRules = (
			);
			dependencies = (
			);
			name = ShirtShopping;
			productName = ShirtShopping;
			productReference = C6DDF67222FC382A007CA272 /* ShirtShopping.app */;
			productType = "com.apple.product-type.application";
		};
/* End PBXNativeTarget section */

/* Begin PBXProject section */
		C6DDF66A22FC382A007CA272 /* Project object */ = {
			isa = PBXProject;
			attributes = {
				LastSwiftUpdateCheck = 1030;
				LastUpgradeCheck = 1030;
				ORGANIZATIONNAME = "Salil Luley";
				TargetAttributes = {
					C6DDF67122FC382A007CA272 = {
						CreatedOnToolsVersion = 10.3;
					};
				};
			};
			buildConfigurationList = C6DDF66D22FC382A007CA272 /* Build configuration list for PBXProject "ShirtShopping" */;
			compatibilityVersion = "Xcode 9.3";
			developmentRegion = en;
			hasScannedForEncodings = 0;
			knownRegions = (
				en,
				Base,
			);
			mainGroup = C6DDF66922FC382A007CA272;
			productRefGroup = C6DDF67322FC382A007CA272 /* Products */;
			projectDirPath = "";
			projectRoot = "";
			targets = (
				C6DDF67122FC382A007CA272 /* ShirtShopping */,
			);
		};
/* End PBXProject section */

/* Begin PBXResourcesBuildPhase section */
		C6DDF67022FC382A007CA272 /* Resources */ = {
			isa = PBXResourcesBuildPhase;
			buildActionMask = 2147483647;
			files = (
				C6DDF68022FC3830007CA272 /* LaunchScreen.storyboard in Resources */,
				C6DDF67D22FC3830007CA272 /* Assets.xcassets in Resources */,
			);
			runOnlyForDeploymentPostprocessing = 0;
		};
/* End PBXResourcesBuildPhase section */

/* Begin PBXShellScriptBuildPhase section */
		D42085636A5546C0CDD37821 /* [CP] Embed Pods Frameworks */ = {
			isa = PBXShellScriptBuildPhase;
			buildActionMask = 2147483647;
			files = (
			);
			inputFileListPaths = (
			);
			inputPaths = (
				"${PODS_ROOT}/Target Support Files/Pods-ShirtShopping/Pods-ShirtShopping-frameworks.sh",
				"${BUILT_PRODUCTS_DIR}/SnapKit/SnapKit.framework",
			);
			name = "[CP] Embed Pods Frameworks";
			outputFileListPaths = (
			);
			outputPaths = (
				"${TARGET_BUILD_DIR}/${FRAMEWORKS_FOLDER_PATH}/SnapKit.framework",
			);
			runOnlyForDeploymentPostprocessing = 0;
			shellPath = /bin/sh;
			shellScript = "\"${PODS_ROOT}/Target Support Files/Pods-ShirtShopping/Pods-ShirtShopping-frameworks.sh\"\n";
			showEnvVarsInLog = 0;
		};
		E6208D7ACF632CDB67F8DF04 /* [CP] Check Pods Manifest.lock */ = {
			isa = PBXShellScriptBuildPhase;
			buildActionMask = 2147483647;
			files = (
			);
			inputFileListPaths = (
			);
			inputPaths = (
				"${PODS_PODFILE_DIR_PATH}/Podfile.lock",
				"${PODS_ROOT}/Manifest.lock",
			);
			name = "[CP] Check Pods Manifest.lock";
			outputFileListPaths = (
			);
			outputPaths = (
				"$(DERIVED_FILE_DIR)/Pods-ShirtShopping-checkManifestLockResult.txt",
			);
			runOnlyForDeploymentPostprocessing = 0;
			shellPath = /bin/sh;
			shellScript = "diff \"${PODS_PODFILE_DIR_PATH}/Podfile.lock\" \"${PODS_ROOT}/Manifest.lock\" > /dev/null\nif [ $? != 0 ] ; then\n    # print error to STDERR\n    echo \"error: The sandbox is not in sync with the Podfile.lock. Run 'pod install' or update your CocoaPods installation.\" >&2\n    exit 1\nfi\n# This output is used by Xcode 'outputs' to avoid re-running this script phase.\necho \"SUCCESS\" > \"${SCRIPT_OUTPUT_FILE_0}\"\n";
			showEnvVarsInLog = 0;
		};
/* End PBXShellScriptBuildPhase section */

/* Begin PBXSourcesBuildPhase section */
		C6DDF66E22FC382A007CA272 /* Sources */ = {
			isa = PBXSourcesBuildPhase;
			buildActionMask = 2147483647;
			files = (
				C600C29022FEE01600568372 /* CVProdcutHomeDataSource.swift in Sources */,
				C6DDF67622FC382A007CA272 /* AppDelegate.swift in Sources */,
				C6DDF68F22FC496B007CA272 /* CVMenuDataSource.swift in Sources */,
				C600C28A22FD607D00568372 /* HomeTableViewCell.swift in Sources */,
				C600C28E22FEDE6500568372 /* ProductsCollectionViewCell.swift in Sources */,
				C600C29222FEF99D00568372 /* YouMayAlsoLikeTableViewCell.swift in Sources */,
				C600C28822FD5DD800568372 /* TblHomeDataSource.swift in Sources */,
				C6DDF69222FC4C1A007CA272 /* Font.swift in Sources */,
				C6DDF68922FC4549007CA272 /* HomeViewController.swift in Sources */,
				C6DDF68C22FC488C007CA272 /* MenuCollectionViewCell.swift in Sources */,
			);
			runOnlyForDeploymentPostprocessing = 0;
		};
/* End PBXSourcesBuildPhase section */

/* Begin PBXVariantGroup section */
		C6DDF67E22FC3830007CA272 /* LaunchScreen.storyboard */ = {
			isa = PBXVariantGroup;
			children = (
				C6DDF67F22FC3830007CA272 /* Base */,
			);
			name = LaunchScreen.storyboard;
			sourceTree = "<group>";
		};
/* End PBXVariantGroup section */

/* Begin XCBuildConfiguration section */
		C6DDF68222FC3830007CA272 /* Debug */ = {
			isa = XCBuildConfiguration;
			buildSettings = {
				ALWAYS_SEARCH_USER_PATHS = NO;
				CLANG_ANALYZER_NONNULL = YES;
				CLANG_ANALYZER_NUMBER_OBJECT_CONVERSION = YES_AGGRESSIVE;
				CLANG_CXX_LANGUAGE_STANDARD = "gnu++14";
				CLANG_CXX_LIBRARY = "libc++";
				CLANG_ENABLE_MODULES = YES;
				CLANG_ENABLE_OBJC_ARC = YES;
				CLANG_ENABLE_OBJC_WEAK = YES;
				CLANG_WARN_BLOCK_CAPTURE_AUTORELEASING = YES;
				CLANG_WARN_BOOL_CONVERSION = YES;
				CLANG_WARN_COMMA = YES;
				CLANG_WARN_CONSTANT_CONVERSION = YES;
				CLANG_WARN_DEPRECATED_OBJC_IMPLEMENTATIONS = YES;
				CLANG_WARN_DIRECT_OBJC_ISA_USAGE = YES_ERROR;
				CLANG_WARN_DOCUMENTATION_COMMENTS = YES;
				CLANG_WARN_EMPTY_BODY = YES;
				CLANG_WARN_ENUM_CONVERSION = YES;
				CLANG_WARN_INFINITE_RECURSION = YES;
				CLANG_WARN_INT_CONVERSION = YES;
				CLANG_WARN_NON_LITERAL_NULL_CONVERSION = YES;
				CLANG_WARN_OBJC_IMPLICIT_RETAIN_SELF = YES;
				CLANG_WARN_OBJC_LITERAL_CONVERSION = YES;
				CLANG_WARN_OBJC_ROOT_CLASS = YES_ERROR;
				CLANG_WARN_RANGE_LOOP_ANALYSIS = YES;
				CLANG_WARN_STRICT_PROTOTYPES = YES;
				CLANG_WARN_SUSPICIOUS_MOVE = YES;
				CLANG_WARN_UNGUARDED_AVAILABILITY = YES_AGGRESSIVE;
				CLANG_WARN_UNREACHABLE_CODE = YES;
				CLANG_WARN__DUPLICATE_METHOD_MATCH = YES;
				CODE_SIGN_IDENTITY = "iPhone Developer";
				COPY_PHASE_STRIP = NO;
				DEBUG_INFORMATION_FORMAT = dwarf;
				ENABLE_STRICT_OBJC_MSGSEND = YES;
				ENABLE_TESTABILITY = YES;
				GCC_C_LANGUAGE_STANDARD = gnu11;
				GCC_DYNAMIC_NO_PIC = NO;
				GCC_NO_COMMON_BLOCKS = YES;
				GCC_OPTIMIZATION_LEVEL = 0;
				GCC_PREPROCESSOR_DEFINITIONS = (
					"DEBUG=1",
					"$(inherited)",
				);
				GCC_WARN_64_TO_32_BIT_CONVERSION = YES;
				GCC_WARN_ABOUT_RETURN_TYPE = YES_ERROR;
				GCC_WARN_UNDECLARED_SELECTOR = YES;
				GCC_WARN_UNINITIALIZED_AUTOS = YES_AGGRESSIVE;
				GCC_WARN_UNUSED_FUNCTION = YES;
				GCC_WARN_UNUSED_VARIABLE = YES;
				IPHONEOS_DEPLOYMENT_TARGET = 12.4;
				MTL_ENABLE_DEBUG_INFO = INCLUDE_SOURCE;
				MTL_FAST_MATH = YES;
				ONLY_ACTIVE_ARCH = YES;
				SDKROOT = iphoneos;
				SWIFT_ACTIVE_COMPILATION_CONDITIONS = DEBUG;
				SWIFT_OPTIMIZATION_LEVEL = "-Onone";
			};
			name = Debug;
		};
		C6DDF68322FC3830007CA272 /* Release */ = {
			isa = XCBuildConfiguration;
			buildSettings = {
				ALWAYS_SEARCH_USER_PATHS = NO;
				CLANG_ANALYZER_NONNULL = YES;
				CLANG_ANALYZER_NUMBER_OBJECT_CONVERSION = YES_AGGRESSIVE;
				CLANG_CXX_LANGUAGE_STANDARD = "gnu++14";
				CLANG_CXX_LIBRARY = "libc++";
				CLANG_ENABLE_MODULES = YES;
				CLANG_ENABLE_OBJC_ARC = YES;
				CLANG_ENABLE_OBJC_WEAK = YES;
				CLANG_WARN_BLOCK_CAPTURE_AUTORELEASING = YES;
				CLANG_WARN_BOOL_CONVERSION = YES;
				CLANG_WARN_COMMA = YES;
				CLANG_WARN_CONSTANT_CONVERSION = YES;
				CLANG_WARN_DEPRECATED_OBJC_IMPLEMENTATIONS = YES;
				CLANG_WARN_DIRECT_OBJC_ISA_USAGE = YES_ERROR;
				CLANG_WARN_DOCUMENTATION_COMMENTS = YES;
				CLANG_WARN_EMPTY_BODY = YES;
				CLANG_WARN_ENUM_CONVERSION = YES;
				CLANG_WARN_INFINITE_RECURSION = YES;
				CLANG_WARN_INT_CONVERSION = YES;
				CLANG_WARN_NON_LITERAL_NULL_CONVERSION = YES;
				CLANG_WARN_OBJC_IMPLICIT_RETAIN_SELF = YES;
				CLANG_WARN_OBJC_LITERAL_CONVERSION = YES;
				CLANG_WARN_OBJC_ROOT_CLASS = YES_ERROR;
				CLANG_WARN_RANGE_LOOP_ANALYSIS = YES;
				CLANG_WARN_STRICT_PROTOTYPES = YES;
				CLANG_WARN_SUSPICIOUS_MOVE = YES;
				CLANG_WARN_UNGUARDED_AVAILABILITY = YES_AGGRESSIVE;
				CLANG_WARN_UNREACHABLE_CODE = YES;
				CLANG_WARN__DUPLICATE_METHOD_MATCH = YES;
				CODE_SIGN_IDENTITY = "iPhone Developer";
				COPY_PHASE_STRIP = NO;
				DEBUG_INFORMATION_FORMAT = "dwarf-with-dsym";
				ENABLE_NS_ASSERTIONS = NO;
				ENABLE_STRICT_OBJC_MSGSEND = YES;
				GCC_C_LANGUAGE_STANDARD = gnu11;
				GCC_NO_COMMON_BLOCKS = YES;
				GCC_WARN_64_TO_32_BIT_CONVERSION = YES;
				GCC_WARN_ABOUT_RETURN_TYPE = YES_ERROR;
				GCC_WARN_UNDECLARED_SELECTOR = YES;
				GCC_WARN_UNINITIALIZED_AUTOS = YES_AGGRESSIVE;
				GCC_WARN_UNUSED_FUNCTION = YES;
				GCC_WARN_UNUSED_VARIABLE = YES;
				IPHONEOS_DEPLOYMENT_TARGET = 12.4;
				MTL_ENABLE_DEBUG_INFO = NO;
				MTL_FAST_MATH = YES;
				SDKROOT = iphoneos;
				SWIFT_COMPILATION_MODE = wholemodule;
				SWIFT_OPTIMIZATION_LEVEL = "-O";
				VALIDATE_PRODUCT = YES;
			};
			name = Release;
		};
		C6DDF68522FC3830007CA272 /* Debug */ = {
			isa = XCBuildConfiguration;
			baseConfigurationReference = B1EFAAA3F110BA2D26FB4FE9 /* Pods-ShirtShopping.debug.xcconfig */;
			buildSettings = {
				ASSETCATALOG_COMPILER_APPICON_NAME = AppIcon;
				CODE_SIGN_STYLE = Automatic;
				INFOPLIST_FILE = ShirtShopping/Info.plist;
				LD_RUNPATH_SEARCH_PATHS = (
					"$(inherited)",
					"@executable_path/Frameworks",
				);
				PRODUCT_BUNDLE_IDENTIFIER = com.ShirtShopping;
				PRODUCT_NAME = "$(TARGET_NAME)";
				SWIFT_VERSION = 5.0;
				TARGETED_DEVICE_FAMILY = "1,2";
			};
			name = Debug;
		};
		C6DDF68622FC3830007CA272 /* Release */ = {
			isa = XCBuildConfiguration;
			baseConfigurationReference = A90EC0F15A592678ADD14280 /* Pods-ShirtShopping.release.xcconfig */;
			buildSettings = {
				ASSETCATALOG_COMPILER_APPICON_NAME = AppIcon;
				CODE_SIGN_STYLE = Automatic;
				INFOPLIST_FILE = ShirtShopping/Info.plist;
				LD_RUNPATH_SEARCH_PATHS = (
					"$(inherited)",
					"@executable_path/Frameworks",
				);
				PRODUCT_BUNDLE_IDENTIFIER = com.ShirtShopping;
				PRODUCT_NAME = "$(TARGET_NAME)";
				SWIFT_VERSION = 5.0;
				TARGETED_DEVICE_FAMILY = "1,2";
			};
			name = Release;
		};
/* End XCBuildConfiguration section */

/* Begin XCConfigurationList section */
		C6DDF66D22FC382A007CA272 /* Build configuration list for PBXProject "ShirtShopping" */ = {
			isa = XCConfigurationList;
			buildConfigurations = (
				C6DDF68222FC3830007CA272 /* Debug */,
				C6DDF68322FC3830007CA272 /* Release */,
			);
			defaultConfigurationIsVisible = 0;
			defaultConfigurationName = Release;
		};
		C6DDF68422FC3830007CA272 /* Build configuration list for PBXNativeTarget "ShirtShopping" */ = {
			isa = XCConfigurationList;
			buildConfigurations = (
				C6DDF68522FC3830007CA272 /* Debug */,
				C6DDF68622FC3830007CA272 /* Release */,
			);
			defaultConfigurationIsVisible = 0;
			defaultConfigurationName = Release;
		};
/* End XCConfigurationList section */
	};
	rootObject = C6DDF66A22FC382A007CA272 /* Project object */;
}
